
Microsoft Visual Studio Solution File, Format Version 12.00
# Visual Studio Version 16
VisualStudioVersion = 16.0.32126.315
MinimumVisualStudioVersion = 10.0.40219.1
Project("{FAE04EC0-301F-11D3-BF4B-00C04F79EFBC}") = "EFC2", "EFC2\EFC2.csproj", "{66E10057-F7A8-468B-AA0E-BC67DE7E799F}"
EndProject
Global
	GlobalSection(SolutionConfigurationPlatforms) = preSolution
		Debug|Any CPU = Debug|Any CPU
		Release|Any CPU = Release|Any CPU
	EndGlobalSection
	GlobalSection(ProjectConfigurationPlatforms) = postSolution
		{66E10057-F7A8-468B-AA0E-BC67DE7E799F}.Debug|Any CPU.ActiveCfg = Debug|Any CPU
		{66E10057-F7A8-468B-AA0E-BC67DE7E799F}.Debug|Any CPU.Build.0 = Debug|Any CPU
		{66E10057-F7A8-468B-AA0E-BC67DE7E799F}.Release|Any CPU.ActiveCfg = Release|Any CPU
		{66E10057-F7A8-468B-AA0E-BC67DE7E799F}.Release|Any CPU.Build.0 = Release|Any CPU
	EndGlobalSection
	GlobalSection(SolutionProperties) = preSolution
		HideSolutionNode = FALSE
	EndGlobalSection
	GlobalSection(ExtensibilityGlobals) = postSolution
		SolutionGuid = {C55F7FA1-DE0B-4640-B9BF-C1FDF60033F0}
	EndGlobalSection
EndGlobal
